Microsoft Visual Studio Solution File, Format Version 11.00
# Visual Studio 2010
Project("{F184B08F-C81C-45F6-A57F-5ABD9991F28F}") = "StudentClubs", "StudentClubs.vbproj", "{DB8795D6-D1E0-40BF-9D0D-0C54CF649444}"
EndProject
Global
	GlobalSection(SolutionConfigurationPlatforms) = preSolution
		Debug|Any CPU = Debug|Any CPU
		Release|Any CPU = Release|Any CPU
	EndGlobalSection
	GlobalSection(ProjectConfigurationPlatforms) = postSolution
		{DB8795D6-D1E0-40BF-9D0D-0C54CF649444}.Debug|Any CPU.ActiveCfg = Debug|Any CPU
		{DB8795D6-D1E0-40BF-9D0D-0C54CF649444}.Debug|Any CPU.Build.0 = Debug|Any CPU
		{DB8795D6-D1E0-40BF-9D0D-0C54CF649444}.Release|Any CPU.ActiveCfg = Release|Any CPU
		{DB8795D6-D1E0-40BF-9D0D-0C54CF649444}.Release|Any CPU.Build.0 = Release|Any CPU
	EndGlobalSection
	GlobalSection(SolutionProperties) = preSolution
		HideSolutionNode = FALSE
	EndGlobalSection
EndGlobal
